Microsoft Visual Studio Solution File, Format Version 11.00
# Visual Studio 2008

Project("{6195B125-B385-451C-5125-3961FECA6516}") = "My Way", "Assembly-CSharp-firstpass.csproj", "{ACCB8CD3-887B-EDA0-AC85-F4730D0A8BB4}"
EndProject
Project("{6195B125-B385-451C-5125-3961FECA6516}") = "My Way", "Assembly-UnityScript-firstpass.unityproj", "{4574BDF7-5B79-5051-241A-04934DB85423}"
EndProject
Project("{6195B125-B385-451C-5125-3961FECA6516}") = "My Way", "Assembly-UnityScript.unityproj", "{975334B1-BF50-B6C1-633D-982048B59EF2}"
EndProject
Global
	GlobalSection(SolutionConfigurationPlatforms) = preSolution
		Debug|Any CPU = Debug|Any CPU
		Release|Any CPU = Release|Any CPU
	EndGlobalSection
	GlobalSection(ProjectConfigurationPlatforms) = postSolution
		{ACCB8CD3-887B-EDA0-AC85-F4730D0A8BB4}.Debug|Any CPU.ActiveCfg = Debug|Any CPU
		{ACCB8CD3-887B-EDA0-AC85-F4730D0A8BB4}.Debug|Any CPU.Build.0 = Debug|Any CPU
		{ACCB8CD3-887B-EDA0-AC85-F4730D0A8BB4}.Release|Any CPU.ActiveCfg = Release|Any CPU
		{ACCB8CD3-887B-EDA0-AC85-F4730D0A8BB4}.Release|Any CPU.Build.0 = Release|Any CPU
		{4574BDF7-5B79-5051-241A-04934DB85423}.Debug|Any CPU.ActiveCfg = Debug|Any CPU
		{4574BDF7-5B79-5051-241A-04934DB85423}.Debug|Any CPU.Build.0 = Debug|Any CPU
		{4574BDF7-5B79-5051-241A-04934DB85423}.Release|Any CPU.ActiveCfg = Release|Any CPU
		{4574BDF7-5B79-5051-241A-04934DB85423}.Release|Any CPU.Build.0 = Release|Any CPU
		{975334B1-BF50-B6C1-633D-982048B59EF2}.Debug|Any CPU.ActiveCfg = Debug|Any CPU
		{975334B1-BF50-B6C1-633D-982048B59EF2}.Debug|Any CPU.Build.0 = Debug|Any CPU
		{975334B1-BF50-B6C1-633D-982048B59EF2}.Release|Any CPU.ActiveCfg = Release|Any CPU
		{975334B1-BF50-B6C1-633D-982048B59EF2}.Release|Any CPU.Build.0 = Release|Any CPU
	EndGlobalSection
	GlobalSection(SolutionProperties) = preSolution
		HideSolutionNode = FALSE
	EndGlobalSection
											GlobalSection(MonoDevelopProperties) = preSolution
		StartupItem = Assembly-CSharp.csproj
		Policies = $0
		$0.TextStylePolicy = $1
		$1.inheritsSet = null
		$1.scope = text/x-csharp
		$0.CSharpFormattingPolicy = $2
		$2.inheritsSet = Mono
		$2.inheritsScope = text/x-csharp
		$2.scope = text/x-csharp
		$0.TextStylePolicy = $3
		$3.FileWidth = 120
		$3.TabWidth = 4
		$3.EolMarker = Unix
		$3.inheritsSet = Mono
		$3.inheritsScope = text/plain
		$3.scope = text/plain
	EndGlobalSection

EndGlobal
